Microsoft Visual Studio Solution File, Format Version 11.00
# Visual Studio 2008

Project("{814DCB32-DEB2-9A73-AC21-3908BD6E789E}") = "animalrush", "Assembly-CSharp-firstpass.csproj", "{315610F5-2AFC-CB04-06C5-1FFDF21A1813}"
EndProject
Project("{814DCB32-DEB2-9A73-AC21-3908BD6E789E}") = "animalrush", "Assembly-CSharp.csproj", "{B5D72D40-5CCA-CD66-5939-8555C840FF5C}"
EndProject
Project("{814DCB32-DEB2-9A73-AC21-3908BD6E789E}") = "animalrush", "Assembly-CSharp-Editor.csproj", "{6E844B5A-6FFB-A8A8-9833-CE7D5305D610}"
EndProject
Global
	GlobalSection(SolutionConfigurationPlatforms) = preSolution
		Debug|Any CPU = Debug|Any CPU
		Release|Any CPU = Release|Any CPU
	EndGlobalSection
	GlobalSection(ProjectConfigurationPlatforms) = postSolution
		{315610F5-2AFC-CB04-06C5-1FFDF21A1813}.Debug|Any CPU.ActiveCfg = Debug|Any CPU
		{315610F5-2AFC-CB04-06C5-1FFDF21A1813}.Debug|Any CPU.Build.0 = Debug|Any CPU
		{315610F5-2AFC-CB04-06C5-1FFDF21A1813}.Release|Any CPU.ActiveCfg = Release|Any CPU
		{315610F5-2AFC-CB04-06C5-1FFDF21A1813}.Release|Any CPU.Build.0 = Release|Any CPU
		{B5D72D40-5CCA-CD66-5939-8555C840FF5C}.Debug|Any CPU.ActiveCfg = Debug|Any CPU
		{B5D72D40-5CCA-CD66-5939-8555C840FF5C}.Debug|Any CPU.Build.0 = Debug|Any CPU
		{B5D72D40-5CCA-CD66-5939-8555C840FF5C}.Release|Any CPU.ActiveCfg = Release|Any CPU
		{B5D72D40-5CCA-CD66-5939-8555C840FF5C}.Release|Any CPU.Build.0 = Release|Any CPU
		{6E844B5A-6FFB-A8A8-9833-CE7D5305D610}.Debug|Any CPU.ActiveCfg = Debug|Any CPU
		{6E844B5A-6FFB-A8A8-9833-CE7D5305D610}.Debug|Any CPU.Build.0 = Debug|Any CPU
		{6E844B5A-6FFB-A8A8-9833-CE7D5305D610}.Release|Any CPU.ActiveCfg = Release|Any CPU
		{6E844B5A-6FFB-A8A8-9833-CE7D5305D610}.Release|Any CPU.Build.0 = Release|Any CPU
	EndGlobalSection
	GlobalSection(SolutionProperties) = preSolution
		HideSolutionNode = FALSE
	EndGlobalSection
	GlobalSection(MonoDevelopProperties) = preSolution
		StartupItem = Assembly-CSharp.csproj
	EndGlobalSection
EndGlobal
