
Microsoft Visual Studio Solution File, Format Version 12.00
# Visual Studio 2015
Project("{FAE04EC0-301F-11D3-BF4B-00C04F79EFBC}") = "Repo.Plugins", "Repo.Plugins.csproj", "{79E0726B-4948-539C-AECC-19C3F36C63B4}"
EndProject
Project("{FAE04EC0-301F-11D3-BF4B-00C04F79EFBC}") = "Repo", "Repo.csproj", "{0DA38C2F-84F0-F3D4-B74D-69854874032F}"
EndProject
Project("{FAE04EC0-301F-11D3-BF4B-00C04F79EFBC}") = "Repo.Editor", "Repo.Editor.csproj", "{BD168C5F-1748-9F2B-4109-1F19F93B16EF}"
EndProject
Global
	GlobalSection(SolutionConfigurationPlatforms) = preSolution
		Debug|Any CPU = Debug|Any CPU
		Release|Any CPU = Release|Any CPU
	EndGlobalSection
	GlobalSection(ProjectConfigurationPlatforms) = postSolution
		{79E0726B-4948-539C-AECC-19C3F36C63B4}.Debug|Any CPU.ActiveCfg = Debug|Any CPU
		{79E0726B-4948-539C-AECC-19C3F36C63B4}.Debug|Any CPU.Build.0 = Debug|Any CPU
		{79E0726B-4948-539C-AECC-19C3F36C63B4}.Release|Any CPU.ActiveCfg = Release|Any CPU
		{79E0726B-4948-539C-AECC-19C3F36C63B4}.Release|Any CPU.Build.0 = Release|Any CPU
		{0DA38C2F-84F0-F3D4-B74D-69854874032F}.Debug|Any CPU.ActiveCfg = Debug|Any CPU
		{0DA38C2F-84F0-F3D4-B74D-69854874032F}.Debug|Any CPU.Build.0 = Debug|Any CPU
		{0DA38C2F-84F0-F3D4-B74D-69854874032F}.Release|Any CPU.ActiveCfg = Release|Any CPU
		{0DA38C2F-84F0-F3D4-B74D-69854874032F}.Release|Any CPU.Build.0 = Release|Any CPU
		{BD168C5F-1748-9F2B-4109-1F19F93B16EF}.Debug|Any CPU.ActiveCfg = Debug|Any CPU
		{BD168C5F-1748-9F2B-4109-1F19F93B16EF}.Debug|Any CPU.Build.0 = Debug|Any CPU
		{BD168C5F-1748-9F2B-4109-1F19F93B16EF}.Release|Any CPU.ActiveCfg = Release|Any CPU
		{BD168C5F-1748-9F2B-4109-1F19F93B16EF}.Release|Any CPU.Build.0 = Release|Any CPU
	EndGlobalSection
	GlobalSection(SolutionProperties) = preSolution
		HideSolutionNode = FALSE
	EndGlobalSection
EndGlobal
